// !$*UTF8*$!
{
	archiveVersion = 1;
	classes = {
	};
	objectVersion = 48;
	objects = {

/* Begin PBXBuildFile section */
		87AC89691EE7E791007779AD /* AppDelegate.swift in Sources */ = {isa = PBXBuildFile; fileRef = 87AC89681EE7E791007779AD /* AppDelegate.swift */; };
		87AC896B1EE7E791007779AD /* art.scnassets in Resources */ = {isa = PBXBuildFile; fileRef = 87AC896A1EE7E791007779AD /* art.scnassets */; };
		87AC896D1EE7E791007779AD /* ViewController.swift in Sources */ = {isa = PBXBuildFile; fileRef = 87AC896C1EE7E791007779AD /* ViewController.swift */; };
		87AC89701EE7E791007779AD /* Main.storyboard in Resources */ = {isa = PBXBuildFile; fileRef = 87AC896E1EE7E791007779AD /* Main.storyboard */; };
		87AC89721EE7E791007779AD /* Assets.xcassets in Resources */ = {isa = PBXBuildFile; fileRef = 87AC89711EE7E791007779AD /* Assets.xcassets */; };
		87AC89751EE7E791007779AD /* LaunchScreen.storyboard in Resources */ = {isa = PBXBuildFile; fileRef = 87AC89731EE7E791007779AD /* LaunchScreen.storyboard */; };
		87AC89801EE7E791007779AD /* ARKitTrial_SceneTests.swift in Sources */ = {isa = PBXBuildFile; fileRef = 87AC897F1EE7E791007779AD /* ARKitTrial_SceneTests.swift */; };
		87AC898B1EE7E791007779AD /* ARKitTrial_SceneUITests.swift in Sources */ = {isa = PBXBuildFile; fileRef = 87AC898A1EE7E791007779AD /* ARKitTrial_SceneUITests.swift */; };
/* End PBXBuildFile section */

/* Begin PBXContainerItemProxy section */
		87AC897C1EE7E791007779AD /* PBXContainerItemProxy */ = {
			isa = PBXContainerItemProxy;
			containerPortal = 87AC895D1EE7E791007779AD /* Project object */;
			proxyType = 1;
			remoteGlobalIDString = 87AC89641EE7E791007779AD;
			remoteInfo = ARKitTrial_Scene;
		};
		87AC89871EE7E791007779AD /* PBXContainerItemProxy */ = {
			isa = PBXContainerItemProxy;
			containerPortal = 87AC895D1EE7E791007779AD /* Project object */;
			proxyType = 1;
			remoteGlobalIDString = 87AC89641EE7E791007779AD;
			remoteInfo = ARKitTrial_Scene;
		};
/* End PBXContainerItemProxy section */

/* Begin PBXFileReference section */
		87AC89651EE7E791007779AD /* ARKitTrial_Scene.app */ = {isa = PBXFileReference; explicitFileType = wrapper.application; includeInIndex = 0; path = ARKitTrial_Scene.app; sourceTree = BUILT_PRODUCTS_DIR; };
		87AC89681EE7E791007779AD /* AppDelegate.swift */ = {isa = PBXFileReference; lastKnownFileType = sourcecode.swift; path = AppDelegate.swift; sourceTree = "<group>"; };
		87AC896A1EE7E791007779AD /* art.scnassets */ = {isa = PBXFileReference; lastKnownFileType = wrapper.scnassets; path = art.scnassets; sourceTree = "<group>"; };
		87AC896C1EE7E791007779AD /* ViewController.swift */ = {isa = PBXFileReference; lastKnownFileType = sourcecode.swift; path = ViewController.swift; sourceTree = "<group>"; };
		87AC896F1EE7E791007779AD /* Base */ = {isa = PBXFileReference; lastKnownFileType = file.storyboard; name = Base; path = Base.lproj/Main.storyboard; sourceTree = "<group>"; };
		87AC89711EE7E791007779AD /* Assets.xcassets */ = {isa = PBXFileReference; lastKnownFileType = folder.assetcatalog; path = Assets.xcassets; sourceTree = "<group>"; };
		87AC89741EE7E791007779AD /* Base */ = {isa = PBXFileReference; lastKnownFileType = file.storyboard; name = Base; path = Base.lproj/LaunchScreen.storyboard; sourceTree = "<group>"; };
		87AC89761EE7E791007779AD /* Info.plist */ = {isa = PBXFileReference; lastKnownFileType = text.plist.xml; path = Info.plist; sourceTree = "<group>"; };
		87AC897B1EE7E791007779AD /* ARKitTrial_SceneTests.xctest */ = {isa = PBXFileReference; explicitFileType = wrapper.cfbundle; includeInIndex = 0; path = ARKitTrial_SceneTests.xctest; sourceTree = BUILT_PRODUCTS_DIR; };
		87AC897F1EE7E791007779AD /* ARKitTrial_SceneTests.swift */ = {isa = PBXFileReference; lastKnownFileType = sourcecode.swift; path = ARKitTrial_SceneTests.swift; sourceTree = "<group>"; };
		87AC89811EE7E791007779AD /* Info.plist */ = {isa = PBXFileReference; lastKnownFileType = text.plist.xml; path = Info.plist; sourceTree = "<group>"; };
		87AC89861EE7E791007779AD /* ARKitTrial_SceneUITests.xctest */ = {isa = PBXFileReference; explicitFileType = wrapper.cfbundle; includeInIndex = 0; path = ARKitTrial_SceneUITests.xctest; sourceTree = BUILT_PRODUCTS_DIR; };
		87AC898A1EE7E791007779AD /* ARKitTrial_SceneUITests.swift */ = {isa = PBXFileReference; lastKnownFileType = sourcecode.swift; path = ARKitTrial_SceneUITests.swift; sourceTree = "<group>"; };
		87AC898C1EE7E791007779AD /* Info.plist */ = {isa = PBXFileReference; lastKnownFileType = text.plist.xml; path = Info.plist; sourceTree = "<group>"; };
/* End PBXFileReference section */

/* Begin PBXFrameworksBuildPhase section */
		87AC89621EE7E791007779AD /* Frameworks */ = {
			isa = PBXFrameworksBuildPhase;
			buildActionMask = 2147483647;
			files = (
			);
			runOnlyForDeploymentPostprocessing = 0;
		};
		87AC89781EE7E791007779AD /* Frameworks */ = {
			isa = PBXFrameworksBuildPhase;
			buildActionMask = 2147483647;
			files = (
			);
			runOnlyForDeploymentPostprocessing = 0;
		};
		87AC89831EE7E791007779AD /* Frameworks */ = {
			isa = PBXFrameworksBuildPhase;
			buildActionMask = 2147483647;
			files = (
			);
			runOnlyForDeploymentPostprocessing = 0;
		};
/* End PBXFrameworksBuildPhase section */

/* Begin PBXGroup section */
		87AC895C1EE7E791007779AD = {
			isa = PBXGroup;
			children = (
				87AC89671EE7E791007779AD /* ARKitTrial_Scene */,
				87AC897E1EE7E791007779AD /* ARKitTrial_SceneTests */,
				87AC89891EE7E791007779AD /* ARKitTrial_SceneUITests */,
				87AC89661EE7E791007779AD /* Products */,
			);
			sourceTree = "<group>";
		};
		87AC89661EE7E791007779AD /* Products */ = {
			isa = PBXGroup;
			children = (
				87AC89651EE7E791007779AD /* ARKitTrial_Scene.app */,
				87AC897B1EE7E791007779AD /* ARKitTrial_SceneTests.xctest */,
				87AC89861EE7E791007779AD /* ARKitTrial_SceneUITests.xctest */,
			);
			name = Products;
			sourceTree = "<group>";
		};
		87AC89671EE7E791007779AD /* ARKitTrial_Scene */ = {
			isa = PBXGroup;
			children = (
				87AC89681EE7E791007779AD /* AppDelegate.swift */,
				87AC896A1EE7E791007779AD /* art.scnassets */,
				87AC896C1EE7E791007779AD /* ViewController.swift */,
				87AC896E1EE7E791007779AD /* Main.storyboard */,
				87AC89711EE7E791007779AD /* Assets.xcassets */,
				87AC89731EE7E791007779AD /* LaunchScreen.storyboard */,
				87AC89761EE7E791007779AD /* Info.plist */,
			);
			path = ARKitTrial_Scene;
			sourceTree = "<group>";
		};
		87AC897E1EE7E791007779AD /* ARKitTrial_SceneTests */ = {
			isa = PBXGroup;
			children = (
				87AC897F1EE7E791007779AD /* ARKitTrial_SceneTests.swift */,
				87AC89811EE7E791007779AD /* Info.plist */,
			);
			path = ARKitTrial_SceneTests;
			sourceTree = "<group>";
		};
		87AC89891EE7E791007779AD /* ARKitTrial_SceneUITests */ = {
			isa = PBXGroup;
			children = (
				87AC898A1EE7E791007779AD /* ARKitTrial_SceneUITests.swift */,
				87AC898C1EE7E791007779AD /* Info.plist */,
			);
			path = ARKitTrial_SceneUITests;
			sourceTree = "<group>";
		};
/* End PBXGroup section */

/* Begin PBXNativeTarget section */
		87AC89641EE7E791007779AD /* ARKitTrial_Scene */ = {
			isa = PBXNativeTarget;
			buildConfigurationList = 87AC898F1EE7E791007779AD /* Build configuration list for PBXNativeTarget "ARKitTrial_Scene" */;
			buildPhases = (
				87AC89611EE7E791007779AD /* Sources */,
				87AC89621EE7E791007779AD /* Frameworks */,
				87AC89631EE7E791007779AD /* Resources */,
			);
			buildRules = (
			);
			dependencies = (
			);
			name = ARKitTrial_Scene;
			productName = ARKitTrial_Scene;
			productReference = 87AC89651EE7E791007779AD /* ARKitTrial_Scene.app */;
			productType = "com.apple.product-type.application";
		};
		87AC897A1EE7E791007779AD /* ARKitTrial_SceneTests */ = {
			isa = PBXNativeTarget;
			buildConfigurationList = 87AC89921EE7E791007779AD /* Build configuration list for PBXNativeTarget "ARKitTrial_SceneTests" */;
			buildPhases = (
				87AC89771EE7E791007779AD /* Sources */,
				87AC89781EE7E791007779AD /* Frameworks */,
				87AC89791EE7E791007779AD /* Resources */,
			);
			buildRules = (
			);
			dependencies = (
				87AC897D1EE7E791007779AD /* PBXTargetDependency */,
			);
			name = ARKitTrial_SceneTests;
			productName = ARKitTrial_SceneTests;
			productReference = 87AC897B1EE7E791007779AD /* ARKitTrial_SceneTests.xctest */;
			productType = "com.apple.product-type.bundle.unit-test";
		};
		87AC89851EE7E791007779AD /* ARKitTrial_SceneUITests */ = {
			isa = PBXNativeTarget;
			buildConfigurationList = 87AC89951EE7E791007779AD /* Build configuration list for PBXNativeTarget "ARKitTrial_SceneUITests" */;
			buildPhases = (
				87AC89821EE7E791007779AD /* Sources */,
				87AC89831EE7E791007779AD /* Frameworks */,
				87AC89841EE7E791007779AD /* Resources */,
			);
			buildRules = (
			);
			dependencies = (
				87AC89881EE7E791007779AD /* PBXTargetDependency */,
			);
			name = ARKitTrial_SceneUITests;
			productName = ARKitTrial_SceneUITests;
			productReference = 87AC89861EE7E791007779AD /* ARKitTrial_SceneUITests.xctest */;
			productType = "com.apple.product-type.bundle.ui-testing";
		};
/* End PBXNativeTarget section */

/* Begin PBXProject section */
		87AC895D1EE7E791007779AD /* Project object */ = {
			isa = PBXProject;
			attributes = {
				LastSwiftUpdateCheck = 0900;
				LastUpgradeCheck = 0900;
				ORGANIZATIONNAME = "Taichi Tsuchida";
				TargetAttributes = {
					87AC89641EE7E791007779AD = {
						CreatedOnToolsVersion = 9.0;
					};
					87AC897A1EE7E791007779AD = {
						CreatedOnToolsVersion = 9.0;
						TestTargetID = 87AC89641EE7E791007779AD;
					};
					87AC89851EE7E791007779AD = {
						CreatedOnToolsVersion = 9.0;
						TestTargetID = 87AC89641EE7E791007779AD;
					};
				};
			};
			buildConfigurationList = 87AC89601EE7E791007779AD /* Build configuration list for PBXProject "ARKitTrial_Scene" */;
			compatibilityVersion = "Xcode 8.0";
			developmentRegion = en;
			hasScannedForEncodings = 0;
			knownRegions = (
				en,
				Base,
			);
			mainGroup = 87AC895C1EE7E791007779AD;
			productRefGroup = 87AC89661EE7E791007779AD /* Products */;
			projectDirPath = "";
			projectRoot = "";
			targets = (
				87AC89641EE7E791007779AD /* ARKitTrial_Scene */,
				87AC897A1EE7E791007779AD /* ARKitTrial_SceneTests */,
				87AC89851EE7E791007779AD /* ARKitTrial_SceneUITests */,
			);
		};
/* End PBXProject section */

/* Begin PBXResourcesBuildPhase section */
		87AC89631EE7E791007779AD /* Resources */ = {
			isa = PBXResourcesBuildPhase;
			buildActionMask = 2147483647;
			files = (
				87AC896B1EE7E791007779AD /* art.scnassets in Resources */,
				87AC89751EE7E791007779AD /* LaunchScreen.storyboard in Resources */,
				87AC89721EE7E791007779AD /* Assets.xcassets in Resources */,
				87AC89701EE7E791007779AD /* Main.storyboard in Resources */,
			);
			runOnlyForDeploymentPostprocessing = 0;
		};
		87AC89791EE7E791007779AD /* Resources */ = {
			isa = PBXResourcesBuildPhase;
			buildActionMask = 2147483647;
			files = (
			);
			runOnlyForDeploymentPostprocessing = 0;
		};
		87AC89841EE7E791007779AD /* Resources */ = {
			isa = PBXResourcesBuildPhase;
			buildActionMask = 2147483647;
			files = (
			);
			runOnlyForDeploymentPostprocessing = 0;
		};
/* End PBXResourcesBuildPhase section */

/* Begin PBXSourcesBuildPhase section */
		87AC89611EE7E791007779AD /* Sources */ = {
			isa = PBXSourcesBuildPhase;
			buildActionMask = 2147483647;
			files = (
				87AC896D1EE7E791007779AD /* ViewController.swift in Sources */,
				87AC89691EE7E791007779AD /* AppDelegate.swift in Sources */,
			);
			runOnlyForDeploymentPostprocessing = 0;
		};
		87AC89771EE7E791007779AD /* Sources */ = {
			isa = PBXSourcesBuildPhase;
			buildActionMask = 2147483647;
			files = (
				87AC89801EE7E791007779AD /* ARKitTrial_SceneTests.swift in Sources */,
			);
			runOnlyForDeploymentPostprocessing = 0;
		};
		87AC89821EE7E791007779AD /* Sources */ = {
			isa = PBXSourcesBuildPhase;
			buildActionMask = 2147483647;
			files = (
				87AC898B1EE7E791007779AD /* ARKitTrial_SceneUITests.swift in Sources */,
			);
			runOnlyForDeploymentPostprocessing = 0;
		};
/* End PBXSourcesBuildPhase section */

/* Begin PBXTargetDependency section */
		87AC897D1EE7E791007779AD /* PBXTargetDependency */ = {
			isa = PBXTargetDependency;
			target = 87AC89641EE7E791007779AD /* ARKitTrial_Scene */;
			targetProxy = 87AC897C1EE7E791007779AD /* PBXContainerItemProxy */;
		};
		87AC89881EE7E791007779AD /* PBXTargetDependency */ = {
			isa = PBXTargetDependency;
			target = 87AC89641EE7E791007779AD /* ARKitTrial_Scene */;
			targetProxy = 87AC89871EE7E791007779AD /* PBXContainerItemProxy */;
		};
/* End PBXTargetDependency section */

/* Begin PBXVariantGroup section */
		87AC896E1EE7E791007779AD /* Main.storyboard */ = {
			isa = PBXVariantGroup;
			children = (
				87AC896F1EE7E791007779AD /* Base */,
			);
			name = Main.storyboard;
			sourceTree = "<group>";
		};
		87AC89731EE7E791007779AD /* LaunchScreen.storyboard */ = {
			isa = PBXVariantGroup;
			children = (
				87AC89741EE7E791007779AD /* Base */,
			);
			name = LaunchScreen.storyboard;
			sourceTree = "<group>";
		};
/* End PBXVariantGroup section */

/* Begin XCBuildConfiguration section */
		87AC898D1EE7E791007779AD /* Debug */ = {
			isa = XCBuildConfiguration;
			buildSettings = {
				ALWAYS_SEARCH_USER_PATHS = NO;
				CLANG_ANALYZER_NONNULL = YES;
				CLANG_ANALYZER_NUMBER_OBJECT_CONVERSION = YES_AGGRESSIVE;
				CLANG_CXX_LANGUAGE_STANDARD = "gnu++14";
				CLANG_CXX_LIBRARY = "libc++";
				CLANG_ENABLE_MODULES = YES;
				CLANG_ENABLE_OBJC_ARC = YES;
				CLANG_WARN_BLOCK_CAPTURE_AUTORELEASING = YES;
				CLANG_WARN_BOOL_CONVERSION = YES;
				CLANG_WARN_COMMA = YES;
				CLANG_WARN_CONSTANT_CONVERSION = YES;
				CLANG_WARN_DIRECT_OBJC_ISA_USAGE = YES_ERROR;
				CLANG_WARN_DOCUMENTATION_COMMENTS = YES;
				CLANG_WARN_EMPTY_BODY = YES;
				CLANG_WARN_ENUM_CONVERSION = YES;
				CLANG_WARN_INFINITE_RECURSION = YES;
				CLANG_WARN_INT_CONVERSION = YES;
				CLANG_WARN_OBJC_ROOT_CLASS = YES_ERROR;
				CLANG_WARN_RANGE_LOOP_ANALYSIS = YES;
				CLANG_WARN_STRICT_PROTOTYPES = YES;
				CLANG_WARN_SUSPICIOUS_MOVE = YES;
				CLANG_WARN_UNGUARDED_AVAILABILITY = YES_AGGRESSIVE;
				CLANG_WARN_UNREACHABLE_CODE = YES;
				CLANG_WARN__DUPLICATE_METHOD_MATCH = YES;
				CODE_SIGN_IDENTITY = "iPhone Developer";
				COPY_PHASE_STRIP = NO;
				DEBUG_INFORMATION_FORMAT = dwarf;
				ENABLE_STRICT_OBJC_MSGSEND = YES;
				ENABLE_TESTABILITY = YES;
				GCC_C_LANGUAGE_STANDARD = gnu11;
				GCC_DYNAMIC_NO_PIC = NO;
				GCC_NO_COMMON_BLOCKS = YES;
				GCC_OPTIMIZATION_LEVEL = 0;
				GCC_PREPROCESSOR_DEFINITIONS = (
					"DEBUG=1",
					"$(inherited)",
				);
				GCC_WARN_64_TO_32_BIT_CONVERSION = YES;
				GCC_WARN_ABOUT_RETURN_TYPE = YES_ERROR;
				GCC_WARN_UNDECLARED_SELECTOR = YES;
				GCC_WARN_UNINITIALIZED_AUTOS = YES_AGGRESSIVE;
				GCC_WARN_UNUSED_FUNCTION = YES;
				GCC_WARN_UNUSED_VARIABLE = YES;
				IPHONEOS_DEPLOYMENT_TARGET = 11.0;
				MTL_ENABLE_DEBUG_INFO = YES;
				ONLY_ACTIVE_ARCH = YES;
				SDKROOT = iphoneos;
				SWIFT_ACTIVE_COMPILATION_CONDITIONS = DEBUG;
				SWIFT_OPTIMIZATION_LEVEL = "-Onone";
			};
			name = Debug;
		};
		87AC898E1EE7E791007779AD /* Release */ = {
			isa = XCBuildConfiguration;
			buildSettings = {
				ALWAYS_SEARCH_USER_PATHS = NO;
				CLANG_ANALYZER_NONNULL = YES;
				CLANG_ANALYZER_NUMBER_OBJECT_CONVERSION = YES_AGGRESSIVE;
				CLANG_CXX_LANGUAGE_STANDARD = "gnu++14";
				CLANG_CXX_LIBRARY = "libc++";
				CLANG_ENABLE_MODULES = YES;
				CLANG_ENABLE_OBJC_ARC = YES;
				CLANG_WARN_BLOCK_CAPTURE_AUTORELEASING = YES;
				CLANG_WARN_BOOL_CONVERSION = YES;
				CLANG_WARN_COMMA = YES;
				CLANG_WARN_CONSTANT_CONVERSION = YES;
				CLANG_WARN_DIRECT_OBJC_ISA_USAGE = YES_ERROR;
				CLANG_WARN_DOCUMENTATION_COMMENTS = YES;
				CLANG_WARN_EMPTY_BODY = YES;
				CLANG_WARN_ENUM_CONVERSION = YES;
				CLANG_WARN_INFINITE_RECURSION = YES;
				CLANG_WARN_INT_CONVERSION = YES;
				CLANG_WARN_OBJC_ROOT_CLASS = YES_ERROR;
				CLANG_WARN_RANGE_LOOP_ANALYSIS = YES;
				CLANG_WARN_STRICT_PROTOTYPES = YES;
				CLANG_WARN_SUSPICIOUS_MOVE = YES;
				CLANG_WARN_UNGUARDED_AVAILABILITY = YES_AGGRESSIVE;
				CLANG_WARN_UNREACHABLE_CODE = YES;
				CLANG_WARN__DUPLICATE_METHOD_MATCH = YES;
				CODE_SIGN_IDENTITY = "iPhone Developer";
				COPY_PHASE_STRIP = NO;
				DEBUG_INFORMATION_FORMAT = "dwarf-with-dsym";
				ENABLE_NS_ASSERTIONS = NO;
				ENABLE_STRICT_OBJC_MSGSEND = YES;
				GCC_C_LANGUAGE_STANDARD = gnu11;
				GCC_NO_COMMON_BLOCKS = YES;
				GCC_WARN_64_TO_32_BIT_CONVERSION = YES;
				GCC_WARN_ABOUT_RETURN_TYPE = YES_ERROR;
				GCC_WARN_UNDECLARED_SELECTOR = YES;
				GCC_WARN_UNINITIALIZED_AUTOS = YES_AGGRESSIVE;
				GCC_WARN_UNUSED_FUNCTION = YES;
				GCC_WARN_UNUSED_VARIABLE = YES;
				IPHONEOS_DEPLOYMENT_TARGET = 11.0;
				MTL_ENABLE_DEBUG_INFO = NO;
				SDKROOT = iphoneos;
				SWIFT_OPTIMIZATION_LEVEL = "-Owholemodule";
				VALIDATE_PRODUCT = YES;
			};
			name = Release;
		};
		87AC89901EE7E791007779AD /* Debug */ = {
			isa = XCBuildConfiguration;
			buildSettings = {
				ASSETCATALOG_COMPILER_APPICON_NAME = AppIcon;
				DEVELOPMENT_TEAM = DWJ5JEU523;
				INFOPLIST_FILE = ARKitTrial_Scene/Info.plist;
				LD_RUNPATH_SEARCH_PATHS = "$(inherited) @executable_path/Frameworks";
				PRODUCT_BUNDLE_IDENTIFIER = "com.ttsutchi.ARKitTrial-Scene";
				PRODUCT_NAME = "$(TARGET_NAME)";
				SWIFT_VERSION = 4.0;
				TARGETED_DEVICE_FAMILY = "1,2";
			};
			name = Debug;
		};
		87AC89911EE7E791007779AD /* Release */ = {
			isa = XCBuildConfiguration;
			buildSettings = {
				ASSETCATALOG_COMPILER_APPICON_NAME = AppIcon;
				DEVELOPMENT_TEAM = DWJ5JEU523;
				INFOPLIST_FILE = ARKitTrial_Scene/Info.plist;
				LD_RUNPATH_SEARCH_PATHS = "$(inherited) @executable_path/Frameworks";
				PRODUCT_BUNDLE_IDENTIFIER = "com.ttsutchi.ARKitTrial-Scene";
				PRODUCT_NAME = "$(TARGET_NAME)";
				SWIFT_VERSION = 4.0;
				TARGETED_DEVICE_FAMILY = "1,2";
			};
			name = Release;
		};
		87AC89931EE7E791007779AD /* Debug */ = {
			isa = XCBuildConfiguration;
			buildSettings = {
				ALWAYS_EMBED_SWIFT_STANDARD_LIBRARIES = YES;
				BUNDLE_LOADER = "$(TEST_HOST)";
				DEVELOPMENT_TEAM = DWJ5JEU523;
				INFOPLIST_FILE = ARKitTrial_SceneTests/Info.plist;
				LD_RUNPATH_SEARCH_PATHS = "$(inherited) @executable_path/Frameworks @loader_path/Frameworks";
				PRODUCT_BUNDLE_IDENTIFIER = "com.ttsutchi.ARKitTrial-SceneTests";
				PRODUCT_NAME = "$(TARGET_NAME)";
				SWIFT_VERSION = 4.0;
				TARGETED_DEVICE_FAMILY = "1,2";
				TEST_HOST = "$(BUILT_PRODUCTS_DIR)/ARKitTrial_Scene.app/ARKitTrial_Scene";
			};
			name = Debug;
		};
		87AC89941EE7E791007779AD /* Release */ = {
			isa = XCBuildConfiguration;
			buildSettings = {
				ALWAYS_EMBED_SWIFT_STANDARD_LIBRARIES = YES;
				BUNDLE_LOADER = "$(TEST_HOST)";
				DEVELOPMENT_TEAM = DWJ5JEU523;
				INFOPLIST_FILE = ARKitTrial_SceneTests/Info.plist;
				LD_RUNPATH_SEARCH_PATHS = "$(inherited) @executable_path/Frameworks @loader_path/Frameworks";
				PRODUCT_BUNDLE_IDENTIFIER = "com.ttsutchi.ARKitTrial-SceneTests";
				PRODUCT_NAME = "$(TARGET_NAME)";
				SWIFT_VERSION = 4.0;
				TARGETED_DEVICE_FAMILY = "1,2";
				TEST_HOST = "$(BUILT_PRODUCTS_DIR)/ARKitTrial_Scene.app/ARKitTrial_Scene";
			};
			name = Release;
		};
		87AC89961EE7E791007779AD /* Debug */ = {
			isa = XCBuildConfiguration;
			buildSettings = {
				ALWAYS_EMBED_SWIFT_STANDARD_LIBRARIES = YES;
				DEVELOPMENT_TEAM = DWJ5JEU523;
				INFOPLIST_FILE = ARKitTrial_SceneUITests/Info.plist;
				LD_RUNPATH_SEARCH_PATHS = "$(inherited) @executable_path/Frameworks @loader_path/Frameworks";
				PRODUCT_BUNDLE_IDENTIFIER = "com.ttsutchi.ARKitTrial-SceneUITests";
				PRODUCT_NAME = "$(TARGET_NAME)";
				SWIFT_VERSION = 4.0;
				TARGETED_DEVICE_FAMILY = "1,2";
				TEST_TARGET_NAME = ARKitTrial_Scene;
			};
			name = Debug;
		};
		87AC89971EE7E791007779AD /* Release */ = {
			isa = XCBuildConfiguration;
			buildSettings = {
				ALWAYS_EMBED_SWIFT_STANDARD_LIBRARIES = YES;
				DEVELOPMENT_TEAM = DWJ5JEU523;
				INFOPLIST_FILE = ARKitTrial_SceneUITests/Info.plist;
				LD_RUNPATH_SEARCH_PATHS = "$(inherited) @executable_path/Frameworks @loader_path/Frameworks";
				PRODUCT_BUNDLE_IDENTIFIER = "com.ttsutchi.ARKitTrial-SceneUITests";
				PRODUCT_NAME = "$(TARGET_NAME)";
				SWIFT_VERSION = 4.0;
				TARGETED_DEVICE_FAMILY = "1,2";
				TEST_TARGET_NAME = ARKitTrial_Scene;
			};
			name = Release;
		};
/* End XCBuildConfiguration section */

/* Begin XCConfigurationList section */
		87AC89601EE7E791007779AD /* Build configuration list for PBXProject "ARKitTrial_Scene" */ = {
			isa = XCConfigurationList;
			buildConfigurations = (
				87AC898D1EE7E791007779AD /* Debug */,
				87AC898E1EE7E791007779AD /* Release */,
			);
			defaultConfigurationIsVisible = 0;
			defaultConfigurationName = Release;
		};
		87AC898F1EE7E791007779AD /* Build configuration list for PBXNativeTarget "ARKitTrial_Scene" */ = {
			isa = XCConfigurationList;
			buildConfigurations = (
				87AC89901EE7E791007779AD /* Debug */,
				87AC89911EE7E791007779AD /* Release */,
			);
			defaultConfigurationIsVisible = 0;
		};
		87AC89921EE7E791007779AD /* Build configuration list for PBXNativeTarget "ARKitTrial_SceneTests" */ = {
			isa = XCConfigurationList;
			buildConfigurations = (
				87AC89931EE7E791007779AD /* Debug */,
				87AC89941EE7E791007779AD /* Release */,
			);
			defaultConfigurationIsVisible = 0;
		};
		87AC89951EE7E791007779AD /* Build configuration list for PBXNativeTarget "ARKitTrial_SceneUITests" */ = {
			isa = XCConfigurationList;
			buildConfigurations = (
				87AC89961EE7E791007779AD /* Debug */,
				87AC89971EE7E791007779AD /* Release */,
			);
			defaultConfigurationIsVisible = 0;
		};
/* End XCConfigurationList section */
	};
	rootObject = 87AC895D1EE7E791007779AD /* Project object */;
}
